// !$*UTF8*$!
{
	archiveVersion = 1;
	classes = {
	};
	objectVersion = 46;
	objects = {

/* Begin PBXBuildFile section */
		14D6298B1EF19FDC005A2CFC /* AppDelegate.swift in Sources */ = {isa = PBXBuildFile; fileRef = 14D6298A1EF19FDC005A2CFC /* AppDelegate.swift */; };
		14D6298D1EF19FDC005A2CFC /* ViewController.swift in Sources */ = {isa = PBXBuildFile; fileRef = 14D6298C1EF19FDC005A2CFC /* ViewController.swift */; };
		14D629901EF19FDC005A2CFC /* Main.storyboard in Resources */ = {isa = PBXBuildFile; fileRef = 14D6298E1EF19FDC005A2CFC /* Main.storyboard */; };
		14D629921EF19FDC005A2CFC /* Assets.xcassets in Resources */ = {isa = PBXBuildFile; fileRef = 14D629911EF19FDC005A2CFC /* Assets.xcassets */; };
		14D629951EF19FDC005A2CFC /* LaunchScreen.storyboard in Resources */ = {isa = PBXBuildFile; fileRef = 14D629931EF19FDC005A2CFC /* LaunchScreen.storyboard */; };
/* End PBXBuildFile section */

/* Begin PBXFileReference section */
		14D629871EF19FDC005A2CFC /* AC3.2-Closures-InDepth.app */ = {isa = PBXFileReference; explicitFileType = wrapper.application; includeInIndex = 0; path = "AC3.2-Closures-InDepth.app"; sourceTree = BUILT_PRODUCTS_DIR; };
		14D6298A1EF19FDC005A2CFC /* AppDelegate.swift */ = {isa = PBXFileReference; lastKnownFileType = sourcecode.swift; path = AppDelegate.swift; sourceTree = "<group>"; };
		14D6298C1EF19FDC005A2CFC /* ViewController.swift */ = {isa = PBXFileReference; lastKnownFileType = sourcecode.swift; path = ViewController.swift; sourceTree = "<group>"; };
		14D6298F1EF19FDC005A2CFC /* Base */ = {isa = PBXFileReference; lastKnownFileType = file.storyboard; name = Base; path = Base.lproj/Main.storyboard; sourceTree = "<group>"; };
		14D629911EF19FDC005A2CFC /* Assets.xcassets */ = {isa = PBXFileReference; lastKnownFileType = folder.assetcatalog; path = Assets.xcassets; sourceTree = "<group>"; };
		14D629941EF19FDC005A2CFC /* Base */ = {isa = PBXFileReference; lastKnownFileType = file.storyboard; name = Base; path = Base.lproj/LaunchScreen.storyboard; sourceTree = "<group>"; };
		14D629961EF19FDC005A2CFC /* Info.plist */ = {isa = PBXFileReference; lastKnownFileType = text.plist.xml; path = Info.plist; sourceTree = "<group>"; };
/* End PBXFileReference section */

/* Begin PBXFrameworksBuildPhase section */
		14D629841EF19FDC005A2CFC /* Frameworks */ = {
			isa = PBXFrameworksBuildPhase;
			buildActionMask = 2147483647;
			files = (
			);
			runOnlyForDeploymentPostprocessing = 0;
		};
/* End PBXFrameworksBuildPhase section */

/* Begin PBXGroup section */
		14D6297E1EF19FDC005A2CFC = {
			isa = PBXGroup;
			children = (
				14D629891EF19FDC005A2CFC /* AC3.2-Closures-InDepth */,
				14D629881EF19FDC005A2CFC /* Products */,
			);
			sourceTree = "<group>";
		};
		14D629881EF19FDC005A2CFC /* Products */ = {
			isa = PBXGroup;
			children = (
				14D629871EF19FDC005A2CFC /* AC3.2-Closures-InDepth.app */,
			);
			name = Products;
			sourceTree = "<group>";
		};
		14D629891EF19FDC005A2CFC /* AC3.2-Closures-InDepth */ = {
			isa = PBXGroup;
			children = (
				14D6298A1EF19FDC005A2CFC /* AppDelegate.swift */,
				14D6298C1EF19FDC005A2CFC /* ViewController.swift */,
				14D6298E1EF19FDC005A2CFC /* Main.storyboard */,
				14D629911EF19FDC005A2CFC /* Assets.xcassets */,
				14D629931EF19FDC005A2CFC /* LaunchScreen.storyboard */,
				14D629961EF19FDC005A2CFC /* Info.plist */,
			);
			path = "AC3.2-Closures-InDepth";
			sourceTree = "<group>";
		};
/* End PBXGroup section */

/* Begin PBXNativeTarget section */
		14D629861EF19FDC005A2CFC /* AC3.2-Closures-InDepth */ = {
			isa = PBXNativeTarget;
			buildConfigurationList = 14D629991EF19FDC005A2CFC /* Build configuration list for PBXNativeTarget "AC3.2-Closures-InDepth" */;
			buildPhases = (
				14D629831EF19FDC005A2CFC /* Sources */,
				14D629841EF19FDC005A2CFC /* Frameworks */,
				14D629851EF19FDC005A2CFC /* Resources */,
			);
			buildRules = (
			);
			dependencies = (
			);
			name = "AC3.2-Closures-InDepth";
			productName = "AC3.2-Closures-InDepth";
			productReference = 14D629871EF19FDC005A2CFC /* AC3.2-Closures-InDepth.app */;
			productType = "com.apple.product-type.application";
		};
/* End PBXNativeTarget section */

/* Begin PBXProject section */
		14D6297F1EF19FDC005A2CFC /* Project object */ = {
			isa = PBXProject;
			attributes = {
				LastSwiftUpdateCheck = 0830;
				LastUpgradeCheck = 0830;
				ORGANIZATIONNAME = AccessCode;
				TargetAttributes = {
					14D629861EF19FDC005A2CFC = {
						CreatedOnToolsVersion = 8.3.3;
						DevelopmentTeam = 3457AE227Q;
						ProvisioningStyle = Automatic;
					};
				};
			};
			buildConfigurationList = 14D629821EF19FDC005A2CFC /* Build configuration list for PBXProject "AC3.2-Closures-InDepth" */;
			compatibilityVersion = "Xcode 3.2";
			developmentRegion = English;
			hasScannedForEncodings = 0;
			knownRegions = (
				en,
				Base,
			);
			mainGroup = 14D6297E1EF19FDC005A2CFC;
			productRefGroup = 14D629881EF19FDC005A2CFC /* Products */;
			projectDirPath = "";
			projectRoot = "";
			targets = (
				14D629861EF19FDC005A2CFC /* AC3.2-Closures-InDepth */,
			);
		};
/* End PBXProject section */

/* Begin PBXResourcesBuildPhase section */
		14D629851EF19FDC005A2CFC /* Resources */ = {
			isa = PBXResourcesBuildPhase;
			buildActionMask = 2147483647;
			files = (
				14D629951EF19FDC005A2CFC /* LaunchScreen.storyboard in Resources */,
				14D629921EF19FDC005A2CFC /* Assets.xcassets in Resources */,
				14D629901EF19FDC005A2CFC /* Main.storyboard in Resources */,
			);
			runOnlyForDeploymentPostprocessing = 0;
		};
/* End PBXResourcesBuildPhase section */

/* Begin PBXSourcesBuildPhase section */
		14D629831EF19FDC005A2CFC /* Sources */ = {
			isa = PBXSourcesBuildPhase;
			buildActionMask = 2147483647;
			files = (
				14D6298D1EF19FDC005A2CFC /* ViewController.swift in Sources */,
				14D6298B1EF19FDC005A2CFC /* AppDelegate.swift in Sources */,
			);
			runOnlyForDeploymentPostprocessing = 0;
		};
/* End PBXSourcesBuildPhase section */

/* Begin PBXVariantGroup section */
		14D6298E1EF19FDC005A2CFC /* Main.storyboard */ = {
			isa = PBXVariantGroup;
			children = (
				14D6298F1EF19FDC005A2CFC /* Base */,
			);
			name = Main.storyboard;
			sourceTree = "<group>";
		};
		14D629931EF19FDC005A2CFC /* LaunchScreen.storyboard */ = {
			isa = PBXVariantGroup;
			children = (
				14D629941EF19FDC005A2CFC /* Base */,
			);
			name = LaunchScreen.storyboard;
			sourceTree = "<group>";
		};
/* End PBXVariantGroup section */

/* Begin XCBuildConfiguration section */
		14D629971EF19FDC005A2CFC /* Debug */ = {
			isa = XCBuildConfiguration;
			buildSettings = {
				ALWAYS_SEARCH_USER_PATHS = NO;
				CLANG_ANALYZER_NONNULL = YES;
				CLANG_ANALYZER_NUMBER_OBJECT_CONVERSION = YES_AGGRESSIVE;
				CLANG_CXX_LANGUAGE_STANDARD = "gnu++0x";
				CLANG_CXX_LIBRARY = "libc++";
				CLANG_ENABLE_MODULES = YES;
				CLANG_ENABLE_OBJC_ARC = YES;
				CLANG_WARN_BOOL_CONVERSION = YES;
				CLANG_WARN_CONSTANT_CONVERSION = YES;
				CLANG_WARN_DIRECT_OBJC_ISA_USAGE = YES_ERROR;
				CLANG_WARN_DOCUMENTATION_COMMENTS = YES;
				CLANG_WARN_EMPTY_BODY = YES;
				CLANG_WARN_ENUM_CONVERSION = YES;
				CLANG_WARN_INFINITE_RECURSION = YES;
				CLANG_WARN_INT_CONVERSION = YES;
				CLANG_WARN_OBJC_ROOT_CLASS = YES_ERROR;
				CLANG_WARN_SUSPICIOUS_MOVE = YES;
				CLANG_WARN_UNREACHABLE_CODE = YES;
				CLANG_WARN__DUPLICATE_METHOD_MATCH = YES;
				"CODE_SIGN_IDENTITY[sdk=iphoneos*]" = "iPhone Developer";
				COPY_PHASE_STRIP = NO;
				DEBUG_INFORMATION_FORMAT = dwarf;
				ENABLE_STRICT_OBJC_MSGSEND = YES;
				ENABLE_TESTABILITY = YES;
				GCC_C_LANGUAGE_STANDARD = gnu99;
				GCC_DYNAMIC_NO_PIC = NO;
				GCC_NO_COMMON_BLOCKS = YES;
				GCC_OPTIMIZATION_LEVEL = 0;
				GCC_PREPROCESSOR_DEFINITIONS = (
					"DEBUG=1",
					"$(inherited)",
				);
				GCC_WARN_64_TO_32_BIT_CONVERSION = YES;
				GCC_WARN_ABOUT_RETURN_TYPE = YES_ERROR;
				GCC_WARN_UNDECLARED_SELECTOR = YES;
				GCC_WARN_UNINITIALIZED_AUTOS = YES_AGGRESSIVE;
				GCC_WARN_UNUSED_FUNCTION = YES;
				GCC_WARN_UNUSED_VARIABLE = YES;
				IPHONEOS_DEPLOYMENT_TARGET = 10.3;
				MTL_ENABLE_DEBUG_INFO = YES;
				ONLY_ACTIVE_ARCH = YES;
				SDKROOT = iphoneos;
				SWIFT_ACTIVE_COMPILATION_CONDITIONS = DEBUG;
				SWIFT_OPTIMIZATION_LEVEL = "-Onone";
			};
			name = Debug;
		};
		14D629981EF19FDC005A2CFC /* Release */ = {
			isa = XCBuildConfiguration;
			buildSettings = {
				ALWAYS_SEARCH_USER_PATHS = NO;
				CLANG_ANALYZER_NONNULL = YES;
				CLANG_ANALYZER_NUMBER_OBJECT_CONVERSION = YES_AGGRESSIVE;
				CLANG_CXX_LANGUAGE_STANDARD = "gnu++0x";
				CLANG_CXX_LIBRARY = "libc++";
				CLANG_ENABLE_MODULES = YES;
				CLANG_ENABLE_OBJC_ARC = YES;
				CLANG_WARN_BOOL_CONVERSION = YES;
				CLANG_WARN_CONSTANT_CONVERSION = YES;
				CLANG_WARN_DIRECT_OBJC_ISA_USAGE = YES_ERROR;
				CLANG_WARN_DOCUMENTATION_COMMENTS = YES;
				CLANG_WARN_EMPTY_BODY = YES;
				CLANG_WARN_ENUM_CONVERSION = YES;
				CLANG_WARN_INFINITE_RECURSION = YES;
				CLANG_WARN_INT_CONVERSION = YES;
				CLANG_WARN_OBJC_ROOT_CLASS = YES_ERROR;
				CLANG_WARN_SUSPICIOUS_MOVE = YES;
				CLANG_WARN_UNREACHABLE_CODE = YES;
				CLANG_WARN__DUPLICATE_METHOD_MATCH = YES;
				"CODE_SIGN_IDENTITY[sdk=iphoneos*]" = "iPhone Developer";
				COPY_PHASE_STRIP = NO;
				DEBUG_INFORMATION_FORMAT = "dwarf-with-dsym";
				ENABLE_NS_ASSERTIONS = NO;
				ENABLE_STRICT_OBJC_MSGSEND = YES;
				GCC_C_LANGUAGE_STANDARD = gnu99;
				GCC_NO_COMMON_BLOCKS = YES;
				GCC_WARN_64_TO_32_BIT_CONVERSION = YES;
				GCC_WARN_ABOUT_RETURN_TYPE = YES_ERROR;
				GCC_WARN_UNDECLARED_SELECTOR = YES;
				GCC_WARN_UNINITIALIZED_AUTOS = YES_AGGRESSIVE;
				GCC_WARN_UNUSED_FUNCTION = YES;
				GCC_WARN_UNUSED_VARIABLE = YES;
				IPHONEOS_DEPLOYMENT_TARGET = 10.3;
				MTL_ENABLE_DEBUG_INFO = NO;
				SDKROOT = iphoneos;
				SWIFT_OPTIMIZATION_LEVEL = "-Owholemodule";
				VALIDATE_PRODUCT = YES;
			};
			name = Release;
		};
		14D6299A1EF19FDC005A2CFC /* Debug */ = {
			isa = XCBuildConfiguration;
			buildSettings = {
				ASSETCATALOG_COMPILER_APPICON_NAME = AppIcon;
				DEVELOPMENT_TEAM = 3457AE227Q;
				INFOPLIST_FILE = "AC3.2-Closures-InDepth/Info.plist";
				LD_RUNPATH_SEARCH_PATHS = "$(inherited) @executable_path/Frameworks";
				PRODUCT_BUNDLE_IDENTIFIER = "nyc.accesscode.AC3-2-Closures-InDepth";
				PRODUCT_NAME = "$(TARGET_NAME)";
				SWIFT_VERSION = 3.0;
			};
			name = Debug;
		};
		14D6299B1EF19FDC005A2CFC /* Release */ = {
			isa = XCBuildConfiguration;
			buildSettings = {
				ASSETCATALOG_COMPILER_APPICON_NAME = AppIcon;
				DEVELOPMENT_TEAM = 3457AE227Q;
				INFOPLIST_FILE = "AC3.2-Closures-InDepth/Info.plist";
				LD_RUNPATH_SEARCH_PATHS = "$(inherited) @executable_path/Frameworks";
				PRODUCT_BUNDLE_IDENTIFIER = "nyc.accesscode.AC3-2-Closures-InDepth";
				PRODUCT_NAME = "$(TARGET_NAME)";
				SWIFT_VERSION = 3.0;
			};
			name = Release;
		};
/* End XCBuildConfiguration section */

/* Begin XCConfigurationList section */
		14D629821EF19FDC005A2CFC /* Build configuration list for PBXProject "AC3.2-Closures-InDepth" */ = {
			isa = XCConfigurationList;
			buildConfigurations = (
				14D629971EF19FDC005A2CFC /* Debug */,
				14D629981EF19FDC005A2CFC /* Release */,
			);
			defaultConfigurationIsVisible = 0;
			defaultConfigurationName = Release;
		};
		14D629991EF19FDC005A2CFC /* Build configuration list for PBXNativeTarget "AC3.2-Closures-InDepth" */ = {
			isa = XCConfigurationList;
			buildConfigurations = (
				14D6299A1EF19FDC005A2CFC /* Debug */,
				14D6299B1EF19FDC005A2CFC /* Release */,
			);
			defaultConfigurationIsVisible = 0;
		};
/* End XCConfigurationList section */
	};
	rootObject = 14D6297F1EF19FDC005A2CFC /* Project object */;
}
